
Microsoft Visual Studio Solution File, Format Version 12.00
# Visual Studio Version 16
VisualStudioVersion = 16.0.30128.74
MinimumVisualStudioVersion = 10.0.40219.1
Project("{FAE04EC0-301F-11D3-BF4B-00C04F79EFBC}") = "Enums", "Enums\Enums.csproj", "{684D3F0B-42B2-4FB7-A37C-A93FDD191F89}"
EndProject
Global
	GlobalSection(SolutionConfigurationPlatforms) = preSolution
		Debug|Any CPU = Debug|Any CPU
		Release|Any CPU = Release|Any CPU
	EndGlobalSection
	GlobalSection(ProjectConfigurationPlatforms) = postSolution
		{684D3F0B-42B2-4FB7-A37C-A93FDD191F89}.Debug|Any CPU.ActiveCfg = Debug|Any CPU
		{684D3F0B-42B2-4FB7-A37C-A93FDD191F89}.Debug|Any CPU.Build.0 = Debug|Any CPU
		{684D3F0B-42B2-4FB7-A37C-A93FDD191F89}.Release|Any CPU.ActiveCfg = Release|Any CPU
		{684D3F0B-42B2-4FB7-A37C-A93FDD191F89}.Release|Any CPU.Build.0 = Release|Any CPU
	EndGlobalSection
	GlobalSection(SolutionProperties) = preSolution
		HideSolutionNode = FALSE
	EndGlobalSection
	GlobalSection(ExtensibilityGlobals) = postSolution
		SolutionGuid = {AD8C6170-8002-4841-A194-BF283D53D221}
	EndGlobalSection
EndGlobal
