
Microsoft Visual Studio Solution File, Format Version 12.00
# Visual Studio Version 16
VisualStudioVersion = 16.0.30128.74
MinimumVisualStudioVersion = 10.0.40219.1
Project("{FAE04EC0-301F-11D3-BF4B-00C04F79EFBC}") = "Step131", "Step131\Step131.csproj", "{909261EC-23B5-494C-B040-D862B8E076D4}"
EndProject
Global
	GlobalSection(SolutionConfigurationPlatforms) = preSolution
		Debug|Any CPU = Debug|Any CPU
		Release|Any CPU = Release|Any CPU
	EndGlobalSection
	GlobalSection(ProjectConfigurationPlatforms) = postSolution
		{909261EC-23B5-494C-B040-D862B8E076D4}.Debug|Any CPU.ActiveCfg = Debug|Any CPU
		{909261EC-23B5-494C-B040-D862B8E076D4}.Debug|Any CPU.Build.0 = Debug|Any CPU
		{909261EC-23B5-494C-B040-D862B8E076D4}.Release|Any CPU.ActiveCfg = Release|Any CPU
		{909261EC-23B5-494C-B040-D862B8E076D4}.Release|Any CPU.Build.0 = Release|Any CPU
	EndGlobalSection
	GlobalSection(SolutionProperties) = preSolution
		HideSolutionNode = FALSE
	EndGlobalSection
	GlobalSection(ExtensibilityGlobals) = postSolution
		SolutionGuid = {C3EA88F5-F491-46FA-87C1-5FA1880C07CD}
	EndGlobalSection
EndGlobal
