
Microsoft Visual Studio Solution File, Format Version 12.00
# Visual Studio Version 16
VisualStudioVersion = 16.0.30128.74
MinimumVisualStudioVersion = 10.0.40219.1
Project("{FAE04EC0-301F-11D3-BF4B-00C04F79EFBC}") = "CarInsurance", "CarInsurance\CarInsurance.csproj", "{D47DBE2C-79A2-465B-A95E-D0ECFF6D0BE7}"
EndProject
Global
	GlobalSection(SolutionConfigurationPlatforms) = preSolution
		Debug|Any CPU = Debug|Any CPU
		Release|Any CPU = Release|Any CPU
	EndGlobalSection
	GlobalSection(ProjectConfigurationPlatforms) = postSolution
		{D47DBE2C-79A2-465B-A95E-D0ECFF6D0BE7}.Debug|Any CPU.ActiveCfg = Debug|Any CPU
		{D47DBE2C-79A2-465B-A95E-D0ECFF6D0BE7}.Debug|Any CPU.Build.0 = Debug|Any CPU
		{D47DBE2C-79A2-465B-A95E-D0ECFF6D0BE7}.Release|Any CPU.ActiveCfg = Release|Any CPU
		{D47DBE2C-79A2-465B-A95E-D0ECFF6D0BE7}.Release|Any CPU.Build.0 = Release|Any CPU
	EndGlobalSection
	GlobalSection(SolutionProperties) = preSolution
		HideSolutionNode = FALSE
	EndGlobalSection
	GlobalSection(ExtensibilityGlobals) = postSolution
		SolutionGuid = {AA902682-7097-4DF2-82C7-6EF3EF5AFA15}
	EndGlobalSection
EndGlobal
