
Microsoft Visual Studio Solution File, Format Version 12.00
# Visual Studio Version 16
VisualStudioVersion = 16.0.30128.74
MinimumVisualStudioVersion = 10.0.40219.1
Project("{FAE04EC0-301F-11D3-BF4B-00C04F79EFBC}") = "Shipping Quote", "Shipping Quote\Shipping Quote.csproj", "{32C4619E-73CB-43F1-BADE-2A9425DCD09B}"
EndProject
Global
	GlobalSection(SolutionConfigurationPlatforms) = preSolution
		Debug|Any CPU = Debug|Any CPU
		Release|Any CPU = Release|Any CPU
	EndGlobalSection
	GlobalSection(ProjectConfigurationPlatforms) = postSolution
		{32C4619E-73CB-43F1-BADE-2A9425DCD09B}.Debug|Any CPU.ActiveCfg = Debug|Any CPU
		{32C4619E-73CB-43F1-BADE-2A9425DCD09B}.Debug|Any CPU.Build.0 = Debug|Any CPU
		{32C4619E-73CB-43F1-BADE-2A9425DCD09B}.Release|Any CPU.ActiveCfg = Release|Any CPU
		{32C4619E-73CB-43F1-BADE-2A9425DCD09B}.Release|Any CPU.Build.0 = Release|Any CPU
	EndGlobalSection
	GlobalSection(SolutionProperties) = preSolution
		HideSolutionNode = FALSE
	EndGlobalSection
	GlobalSection(ExtensibilityGlobals) = postSolution
		SolutionGuid = {C6550B64-8E43-4D7A-A066-4243BFB46183}
	EndGlobalSection
EndGlobal
